
Microsoft Visual Studio Solution File, Format Version 12.00
# Visual Studio Version 17
VisualStudioVersion = 17.14.36401.2 d17.14
MinimumVisualStudioVersion = 10.0.40219.1
Project("{FAE04EC0-301F-11D3-BF4B-00C04F79EFBC}") = "ConsoleApp1", "ConsoleApp1\ConsoleApp1.csproj", "{C1AC9A3E-D22C-42A4-A548-27E74F682382}"
EndProject
Global
	GlobalSection(SolutionConfigurationPlatforms) = preSolution
		Debug|Any CPU = Debug|Any CPU
		Release|Any CPU = Release|Any CPU
	EndGlobalSection
	GlobalSection(ProjectConfigurationPlatforms) = postSolution
		{C1AC9A3E-D22C-42A4-A548-27E74F682382}.Debug|Any CPU.ActiveCfg = Debug|Any CPU
		{C1AC9A3E-D22C-42A4-A548-27E74F682382}.Debug|Any CPU.Build.0 = Debug|Any CPU
		{C1AC9A3E-D22C-42A4-A548-27E74F682382}.Release|Any CPU.ActiveCfg = Release|Any CPU
		{C1AC9A3E-D22C-42A4-A548-27E74F682382}.Release|Any CPU.Build.0 = Release|Any CPU
	EndGlobalSection
	GlobalSection(SolutionProperties) = preSolution
		HideSolutionNode = FALSE
	EndGlobalSection
	GlobalSection(ExtensibilityGlobals) = postSolution
		SolutionGuid = {495B2018-8E67-4CA5-96F4-8D9DFE5EF5D7}
	EndGlobalSection
EndGlobal
